
Microsoft Visual Studio Solution File, Format Version 12.00
# Visual Studio Version 16
VisualStudioVersion = 16.0.28803.352
MinimumVisualStudioVersion = 10.0.40219.1
Project("{FAE04EC0-301F-11D3-BF4B-00C04F79EFBC}") = "fd-demo-rp-client", "fd-demo-rp-client\fd-demo-rp-client.csproj", "{7F0FF3D8-F291-42B3-BC53-15005A5436A4}"
EndProject
Global
	GlobalSection(SolutionConfigurationPlatforms) = preSolution
		Debug|Any CPU = Debug|Any CPU
		Release|Any CPU = Release|Any CPU
	EndGlobalSection
	GlobalSection(ProjectConfigurationPlatforms) = postSolution
		{7F0FF3D8-F291-42B3-BC53-15005A5436A4}.Debug|Any CPU.ActiveCfg = Debug|Any CPU
		{7F0FF3D8-F291-42B3-BC53-15005A5436A4}.Debug|Any CPU.Build.0 = Debug|Any CPU
		{7F0FF3D8-F291-42B3-BC53-15005A5436A4}.Release|Any CPU.ActiveCfg = Release|Any CPU
		{7F0FF3D8-F291-42B3-BC53-15005A5436A4}.Release|Any CPU.Build.0 = Release|Any CPU
	EndGlobalSection
	GlobalSection(SolutionProperties) = preSolution
		HideSolutionNode = FALSE
	EndGlobalSection
	GlobalSection(ExtensibilityGlobals) = postSolution
		SolutionGuid = {F74C8E1C-5C66-4811-A7F4-362A551DBFF5}
	EndGlobalSection
EndGlobal
